
Microsoft Visual Studio Solution File, Format Version 12.00
# Visual Studio Version 17
VisualStudioVersion = 17.11.35327.3
MinimumVisualStudioVersion = 10.0.40219.1
Project("{9A19103F-16F7-4668-BE54-9A1E7A4F7556}") = "MezeiAdrianLaborator7", "MezeiAdrianLaborator7.csproj", "{3DF107B2-C857-436E-B343-30316EDA5C15}"
EndProject
Global
	GlobalSection(SolutionConfigurationPlatforms) = preSolution
		Debug|Any CPU = Debug|Any CPU
		Release|Any CPU = Release|Any CPU
	EndGlobalSection
	GlobalSection(ProjectConfigurationPlatforms) = postSolution
		{3DF107B2-C857-436E-B343-30316EDA5C15}.Debug|Any CPU.ActiveCfg = Debug|Any CPU
		{3DF107B2-C857-436E-B343-30316EDA5C15}.Debug|Any CPU.Build.0 = Debug|Any CPU
		{3DF107B2-C857-436E-B343-30316EDA5C15}.Debug|Any CPU.Deploy.0 = Debug|Any CPU
		{3DF107B2-C857-436E-B343-30316EDA5C15}.Release|Any CPU.ActiveCfg = Release|Any CPU
		{3DF107B2-C857-436E-B343-30316EDA5C15}.Release|Any CPU.Build.0 = Release|Any CPU
		{3DF107B2-C857-436E-B343-30316EDA5C15}.Release|Any CPU.Deploy.0 = Release|Any CPU
	EndGlobalSection
	GlobalSection(SolutionProperties) = preSolution
		HideSolutionNode = FALSE
	EndGlobalSection
	GlobalSection(ExtensibilityGlobals) = postSolution
		SolutionGuid = {14D445E2-34FF-4C77-AE2D-29C1F0045086}
	EndGlobalSection
EndGlobal
